
Microsoft Visual Studio Solution File, Format Version 12.00
# Visual Studio Version 17
VisualStudioVersion = 17.7.34031.279
MinimumVisualStudioVersion = 10.0.40219.1
Project("{8BC9CEB8-8B4A-11D0-8D11-00A0C91BC942}") = "laber71", "laber71.vcxproj", "{8382CEFE-8B1E-4896-A693-09D070400A66}"
EndProject
Project("{8BC9CEB8-8B4A-11D0-8D11-00A0C91BC942}") = "UnitTest1", "..\UnitTest1\UnitTest1.vcxproj", "{DE3BCFA8-7980-424A-8C13-197BA9499183}"
EndProject
Global
	GlobalSection(SolutionConfigurationPlatforms) = preSolution
		Debug|x64 = Debug|x64
		Debug|x86 = Debug|x86
		Release|x64 = Release|x64
		Release|x86 = Release|x86
	EndGlobalSection
	GlobalSection(ProjectConfigurationPlatforms) = postSolution
		{8382CEFE-8B1E-4896-A693-09D070400A66}.Debug|x64.ActiveCfg = Debug|x64
		{8382CEFE-8B1E-4896-A693-09D070400A66}.Debug|x64.Build.0 = Debug|x64
		{8382CEFE-8B1E-4896-A693-09D070400A66}.Debug|x86.ActiveCfg = Debug|Win32
		{8382CEFE-8B1E-4896-A693-09D070400A66}.Debug|x86.Build.0 = Debug|Win32
		{8382CEFE-8B1E-4896-A693-09D070400A66}.Release|x64.ActiveCfg = Release|x64
		{8382CEFE-8B1E-4896-A693-09D070400A66}.Release|x64.Build.0 = Release|x64
		{8382CEFE-8B1E-4896-A693-09D070400A66}.Release|x86.ActiveCfg = Release|Win32
		{8382CEFE-8B1E-4896-A693-09D070400A66}.Release|x86.Build.0 = Release|Win32
		{DE3BCFA8-7980-424A-8C13-197BA9499183}.Debug|x64.ActiveCfg = Debug|x64
		{DE3BCFA8-7980-424A-8C13-197BA9499183}.Debug|x64.Build.0 = Debug|x64
		{DE3BCFA8-7980-424A-8C13-197BA9499183}.Debug|x86.ActiveCfg = Debug|Win32
		{DE3BCFA8-7980-424A-8C13-197BA9499183}.Debug|x86.Build.0 = Debug|Win32
		{DE3BCFA8-7980-424A-8C13-197BA9499183}.Release|x64.ActiveCfg = Release|x64
		{DE3BCFA8-7980-424A-8C13-197BA9499183}.Release|x64.Build.0 = Release|x64
		{DE3BCFA8-7980-424A-8C13-197BA9499183}.Release|x86.ActiveCfg = Release|Win32
		{DE3BCFA8-7980-424A-8C13-197BA9499183}.Release|x86.Build.0 = Release|Win32
	EndGlobalSection
	GlobalSection(SolutionProperties) = preSolution
		HideSolutionNode = FALSE
	EndGlobalSection
	GlobalSection(ExtensibilityGlobals) = postSolution
		SolutionGuid = {A96818D2-D9BF-41A3-9DF9-D67F23AA5540}
	EndGlobalSection
EndGlobal
